schema: '2.0'
stages:
  preload_embeddings:
    cmd: "bash scripts/dvc_preload_embeddings.sh --object-store data/object_store
      --chroma-path data/chroma_db --summary-out data/preload_run_summary.json\n"
    deps:
    - path: data/object_store/classes.txt
      hash: md5
      md5: 2224caffa98b46da55ed4131b01a9989
      size: 7
    - path: data/object_store/images
      hash: md5
      md5: 6ffbaaad7b4ac6e1afabed19a80b2560.dir
      size: 0
      nfiles: 1
    - path: data/object_store/labels
      hash: md5
      md5: 6ffbaaad7b4ac6e1afabed19a80b2560.dir
      size: 0
      nfiles: 1
    - path: detection/OWL_VIT_v2/image_conditioned.py
      hash: md5
      md5: 75818c742d199ed78de886331c6cb090
      size: 12511
    - path: detection/OWL_VIT_v2/utils.py
      hash: md5
      md5: 67ac6935f86eae41eb1f5d47318d14c8
      size: 16672
    - path: improved_pipelines
      hash: md5
      md5: 33b96426f67d2f34e92a977e0716ef1f.dir
      size: 115119
      nfiles: 20
    - path: requirements.txt
      hash: md5
      md5: 752bafbbdfa480f23ab3068177f11f9e
      size: 469
    - path: scripts/dvc_preload_embeddings.sh
      hash: md5
      md5: 8d7f58b81a44351d5835ac3bc415e316
      size: 393
      isexec: true
    outs:
    - path: data/chroma_db
      hash: md5
      md5: e66877dcf90f364b5fb6ede6c6a414d5.dir
      size: 188416
      nfiles: 1
    - path: data/preload_run_summary.json
      hash: md5
      md5: ea6498eed910585aa714b3b6af335880
      size: 527
  validate_gold:
    cmd: "bash scripts/dvc_validate_gold.sh --object-store data/object_store --chroma-path
      data/chroma_db --report-out data/validation_report.json\n"
    deps:
    - path: data/chroma_db
      hash: md5
      md5: e66877dcf90f364b5fb6ede6c6a414d5.dir
      size: 188416
      nfiles: 1
    - path: data/object_store/classes.txt
      hash: md5
      md5: 2224caffa98b46da55ed4131b01a9989
      size: 7
    - path: data/object_store/images
      hash: md5
      md5: 6ffbaaad7b4ac6e1afabed19a80b2560.dir
      size: 0
      nfiles: 1
    - path: data/object_store/labels
      hash: md5
      md5: 6ffbaaad7b4ac6e1afabed19a80b2560.dir
      size: 0
      nfiles: 1
    - path: detection/OWL_VIT_v2/image_conditioned.py
      hash: md5
      md5: 75818c742d199ed78de886331c6cb090
      size: 12511
    - path: detection/OWL_VIT_v2/utils.py
      hash: md5
      md5: 67ac6935f86eae41eb1f5d47318d14c8
      size: 16672
    - path: improved_pipelines
      hash: md5
      md5: 8ff074682267bc8900aba3f4b07fcb34.dir
      size: 115649
      nfiles: 20
    - path: requirements.txt
      hash: md5
      md5: 752bafbbdfa480f23ab3068177f11f9e
      size: 469
    - path: scripts/dvc_validate_gold.sh
      hash: md5
      md5: 76bda391f3f1c2d215da527c431076e6
      size: 285
      isexec: true
    outs:
    - path: data/validation_report.json
      hash: md5
      md5: 7796cc2864f3e6246ed746ada9a27d8c
      size: 177
